
Microsoft Visual Studio Solution File, Format Version 12.00
# Visual Studio 14
VisualStudioVersion = 14.0.25420.1
MinimumVisualStudioVersion = 10.0.40219.1
Project("{2150E333-8FDC-42A3-9474-1A3956D46DE8}") = "src", "src", "{E5C2B0DA-34B9-497C-83AA-3E47690E9165}"
EndProject
Project("{2150E333-8FDC-42A3-9474-1A3956D46DE8}") = "Solution Items", "Solution Items", "{6752DA94-333B-486C-A9E8-F9A38CF14423}"
	ProjectSection(SolutionItems) = preProject
		global.json = global.json
	EndProjectSection
EndProject
Project("{8BB2217D-0F2D-49D1-97BC-3654ED321F3B}") = "PdfModule", "src\PdfModule\PdfModule.xproj", "{33B548A8-D97D-42EA-AFDE-8DDCFD447554}"
EndProject
Project("{2150E333-8FDC-42A3-9474-1A3956D46DE8}") = "App", "App", "{27335012-FFAC-4289-8FB2-F57BE3042A5C}"
EndProject
Project("{8BB2217D-0F2D-49D1-97BC-3654ED321F3B}") = "RunApp", "RunApp\RunApp.xproj", "{069A63DB-0B88-423E-9439-4F11592C7C5A}"
EndProject
Project("{2150E333-8FDC-42A3-9474-1A3956D46DE8}") = "Mock", "Mock", "{5942B899-60A6-4C5A-9FA1-87B9845448E1}"
EndProject
Project("{8BB2217D-0F2D-49D1-97BC-3654ED321F3B}") = "PdfMock", "PdfMock\PdfMock.xproj", "{63446F13-A3D8-4800-A53D-BD12E9988B8B}"
EndProject
Project("{8BB2217D-0F2D-49D1-97BC-3654ED321F3B}") = "WebApp", "WebApp\WebApp.xproj", "{19829AEB-90F0-4B46-8957-CEC33BDFB333}"
EndProject
Global
	GlobalSection(SolutionConfigurationPlatforms) = preSolution
		Debug|Any CPU = Debug|Any CPU
		Release|Any CPU = Release|Any CPU
	EndGlobalSection
	GlobalSection(ProjectConfigurationPlatforms) = postSolution
		{33B548A8-D97D-42EA-AFDE-8DDCFD447554}.Debug|Any CPU.ActiveCfg = Debug|Any CPU
		{33B548A8-D97D-42EA-AFDE-8DDCFD447554}.Debug|Any CPU.Build.0 = Debug|Any CPU
		{33B548A8-D97D-42EA-AFDE-8DDCFD447554}.Release|Any CPU.ActiveCfg = Release|Any CPU
		{33B548A8-D97D-42EA-AFDE-8DDCFD447554}.Release|Any CPU.Build.0 = Release|Any CPU
		{069A63DB-0B88-423E-9439-4F11592C7C5A}.Debug|Any CPU.ActiveCfg = Debug|Any CPU
		{069A63DB-0B88-423E-9439-4F11592C7C5A}.Debug|Any CPU.Build.0 = Debug|Any CPU
		{069A63DB-0B88-423E-9439-4F11592C7C5A}.Release|Any CPU.ActiveCfg = Release|Any CPU
		{069A63DB-0B88-423E-9439-4F11592C7C5A}.Release|Any CPU.Build.0 = Release|Any CPU
		{63446F13-A3D8-4800-A53D-BD12E9988B8B}.Debug|Any CPU.ActiveCfg = Debug|Any CPU
		{63446F13-A3D8-4800-A53D-BD12E9988B8B}.Debug|Any CPU.Build.0 = Debug|Any CPU
		{63446F13-A3D8-4800-A53D-BD12E9988B8B}.Release|Any CPU.ActiveCfg = Release|Any CPU
		{63446F13-A3D8-4800-A53D-BD12E9988B8B}.Release|Any CPU.Build.0 = Release|Any CPU
		{19829AEB-90F0-4B46-8957-CEC33BDFB333}.Debug|Any CPU.ActiveCfg = Debug|Any CPU
		{19829AEB-90F0-4B46-8957-CEC33BDFB333}.Debug|Any CPU.Build.0 = Debug|Any CPU
		{19829AEB-90F0-4B46-8957-CEC33BDFB333}.Release|Any CPU.ActiveCfg = Release|Any CPU
		{19829AEB-90F0-4B46-8957-CEC33BDFB333}.Release|Any CPU.Build.0 = Release|Any CPU
	EndGlobalSection
	GlobalSection(SolutionProperties) = preSolution
		HideSolutionNode = FALSE
	EndGlobalSection
	GlobalSection(NestedProjects) = preSolution
		{33B548A8-D97D-42EA-AFDE-8DDCFD447554} = {E5C2B0DA-34B9-497C-83AA-3E47690E9165}
		{069A63DB-0B88-423E-9439-4F11592C7C5A} = {27335012-FFAC-4289-8FB2-F57BE3042A5C}
		{63446F13-A3D8-4800-A53D-BD12E9988B8B} = {5942B899-60A6-4C5A-9FA1-87B9845448E1}
		{19829AEB-90F0-4B46-8957-CEC33BDFB333} = {27335012-FFAC-4289-8FB2-F57BE3042A5C}
	EndGlobalSection
EndGlobal
